github.com/basharal/trie v0.1.4 h1:+bjbKibbVNWZK2UA+9yeagxvr86D4AFCjGfqRHgodZs=
github.com/basharal/trie v0.1.4/go.mod h1:+lyBeGpx2xOdyiURTRzG8yBXthRQpjrfrQbBWYUQzrk=
github.com/basharal/trie v0.1.5 h1:BEbPmkK1PU+vF/20JhG+WxLu/9HO62yynS2ik8WVMcY=
github.com/basharal/trie v0.1.5/go.mod h1:+lyBeGpx2xOdyiURTRzG8yBXthRQpjrfrQbBWYUQzrk=
github.com/basharal/trie v0.1.6 h1:xXchraLTA/J/bTA73Tu+z/bNV0JytmRS3bhATOz/YN8=
github.com/basharal/trie v0.1.6/go.mod h1:+lyBeGpx2xOdyiURTRzG8yBXthRQpjrfrQbBWYUQzrk=
github.com/golang/glog v0.0.0-20210429001901-424d2337a529 h1:2voWjNECnrZRbfwXxHB1/j8wa6xdKn85B5NzgVL/pTU=
github.com/golang/glog v0.0.0-20210429001901-424d2337a529/go.mod h1:SBH7ygxi8pfUlaOkMMuAQtPIUF8ecWP5IEl/CR7VP2Q=
